{
  "name": "js_tutorial",
  "lockfileVersion": 3,
  "requires": true,
  "packages": {
    "": {
      "dependencies": {
        "gstarke-palindrome": "^0.1.1"
      }
    },
    "node_modules/gstarke-palindrome": {
      "version": "0.1.1",
      "resolved": "https://registry.npmjs.org/gstarke-palindrome/-/gstarke-palindrome-0.1.1.tgz",
      "integrity": "sha512-yJ5tDZNl5ZDyc1/sj02TkHwv1mzUVmV/HfqHwnEhO7Ni23zIbABcwFCPz1ngCM2x7PD7xDXfXCUdryk5XXwtQA==",
      "license": "ISC"
    }
  }
}
